PODS:
  - RxCocoa (5.1.1):
    - RxRelay (~> 5)
    - RxSwift (~> 5)
  - RxRelay (5.1.1):
    - RxSwift (~> 5)
  - RxSwift (5.1.1)
  - SideMenu (6.5.0)
  - SwiftLint (0.40.3)
  - Swinject (2.7.1)
  - SwinjectAutoregistration (2.7.0):
    - Swinject (~> 2.7)

DEPENDENCIES:
  - RxCocoa
  - RxSwift
  - SideMenu
  - SwiftLint
  - Swinject
  - SwinjectAutoregistration

SPEC REPOS:
  trunk:
    - RxCocoa
    - RxRelay
    - RxSwift
    - SideMenu
    - SwiftLint
    - Swinject
    - SwinjectAutoregistration

SPEC CHECKSUMS:
  RxCocoa: 32065309a38d29b5b0db858819b5bf9ef038b601
  RxRelay: d77f7d771495f43c556cbc43eebd1bb54d01e8e9
  RxSwift: 81470a2074fa8780320ea5fe4102807cb7118178
  SideMenu: f583187d21c5b1dd04c72002be544b555a2627a2
  SwiftLint: dfd554ff0dff17288ee574814ccdd5cea85d76f7
  Swinject: ddf78b8486dd9b71a667b852cad919ab4484478e
  SwinjectAutoregistration: 330f5012642a8b5c89a8a4adb0c5e52df07382c0

PODFILE CHECKSUM: 7f1a22a7eb2a89e3576a073b323b067868196be2

COCOAPODS: 1.9.3
